
Microsoft Visual Studio Solution File, Format Version 12.00
# Visual Studio Version 17
VisualStudioVersion = 17.1.32328.378
MinimumVisualStudioVersion = 10.0.40219.1
Project("{9A19103F-16F7-4668-BE54-9A1E7A4F7556}") = "GameYamWeb", "GameYamWeb\GameYamWeb.csproj", "{9E3A85BE-882F-44F6-A308-0883CEB7B1DD}"
EndProject
Project("{9A19103F-16F7-4668-BE54-9A1E7A4F7556}") = "DTO", "DTO\DTO.csproj", "{D7B33DD0-042E-41EA-B109-6562F6934AA8}"
EndProject
Project("{9A19103F-16F7-4668-BE54-9A1E7A4F7556}") = "InterfaceDAL", "InterfaceDAL\InterfaceDAL.csproj", "{1D6997A2-50D0-4414-A01B-E5D8162BA552}"
EndProject
Project("{9A19103F-16F7-4668-BE54-9A1E7A4F7556}") = "DAL", "DAL\DAL.csproj", "{525FAE98-C207-489D-B565-E8EC6AD0F80F}"
EndProject
Project("{9A19103F-16F7-4668-BE54-9A1E7A4F7556}") = "Logic", "Logic\Logic.csproj", "{CFB42050-8601-4646-8D07-29BEC6AB202F}"
EndProject
Project("{FAE04EC0-301F-11D3-BF4B-00C04F79EFBC}") = "UnitTest", "UnitTest\UnitTest.csproj", "{C579CE53-8F54-4ADC-9C79-AED6A59E5E79}"
EndProject
Global
	GlobalSection(SolutionConfigurationPlatforms) = preSolution
		Debug|Any CPU = Debug|Any CPU
		Release|Any CPU = Release|Any CPU
	EndGlobalSection
	GlobalSection(ProjectConfigurationPlatforms) = postSolution
		{9E3A85BE-882F-44F6-A308-0883CEB7B1DD}.Debug|Any CPU.ActiveCfg = Debug|Any CPU
		{9E3A85BE-882F-44F6-A308-0883CEB7B1DD}.Debug|Any CPU.Build.0 = Debug|Any CPU
		{9E3A85BE-882F-44F6-A308-0883CEB7B1DD}.Release|Any CPU.ActiveCfg = Release|Any CPU
		{9E3A85BE-882F-44F6-A308-0883CEB7B1DD}.Release|Any CPU.Build.0 = Release|Any CPU
		{D7B33DD0-042E-41EA-B109-6562F6934AA8}.Debug|Any CPU.ActiveCfg = Debug|Any CPU
		{D7B33DD0-042E-41EA-B109-6562F6934AA8}.Debug|Any CPU.Build.0 = Debug|Any CPU
		{D7B33DD0-042E-41EA-B109-6562F6934AA8}.Release|Any CPU.ActiveCfg = Release|Any CPU
		{D7B33DD0-042E-41EA-B109-6562F6934AA8}.Release|Any CPU.Build.0 = Release|Any CPU
		{1D6997A2-50D0-4414-A01B-E5D8162BA552}.Debug|Any CPU.ActiveCfg = Debug|Any CPU
		{1D6997A2-50D0-4414-A01B-E5D8162BA552}.Debug|Any CPU.Build.0 = Debug|Any CPU
		{1D6997A2-50D0-4414-A01B-E5D8162BA552}.Release|Any CPU.ActiveCfg = Release|Any CPU
		{1D6997A2-50D0-4414-A01B-E5D8162BA552}.Release|Any CPU.Build.0 = Release|Any CPU
		{525FAE98-C207-489D-B565-E8EC6AD0F80F}.Debug|Any CPU.ActiveCfg = Debug|Any CPU
		{525FAE98-C207-489D-B565-E8EC6AD0F80F}.Debug|Any CPU.Build.0 = Debug|Any CPU
		{525FAE98-C207-489D-B565-E8EC6AD0F80F}.Release|Any CPU.ActiveCfg = Release|Any CPU
		{525FAE98-C207-489D-B565-E8EC6AD0F80F}.Release|Any CPU.Build.0 = Release|Any CPU
		{CFB42050-8601-4646-8D07-29BEC6AB202F}.Debug|Any CPU.ActiveCfg = Debug|Any CPU
		{CFB42050-8601-4646-8D07-29BEC6AB202F}.Debug|Any CPU.Build.0 = Debug|Any CPU
		{CFB42050-8601-4646-8D07-29BEC6AB202F}.Release|Any CPU.ActiveCfg = Release|Any CPU
		{CFB42050-8601-4646-8D07-29BEC6AB202F}.Release|Any CPU.Build.0 = Release|Any CPU
		{C579CE53-8F54-4ADC-9C79-AED6A59E5E79}.Debug|Any CPU.ActiveCfg = Debug|Any CPU
		{C579CE53-8F54-4ADC-9C79-AED6A59E5E79}.Debug|Any CPU.Build.0 = Debug|Any CPU
		{C579CE53-8F54-4ADC-9C79-AED6A59E5E79}.Release|Any CPU.ActiveCfg = Release|Any CPU
		{C579CE53-8F54-4ADC-9C79-AED6A59E5E79}.Release|Any CPU.Build.0 = Release|Any CPU
	EndGlobalSection
	GlobalSection(SolutionProperties) = preSolution
		HideSolutionNode = FALSE
	EndGlobalSection
	GlobalSection(ExtensibilityGlobals) = postSolution
		SolutionGuid = {DE4B0D1E-94DF-461E-9758-CA7B9D1AD86B}
	EndGlobalSection
EndGlobal
